{
  "name": "after",
  "version": "1.0.0",
  "lockfileVersion": 1,
  "requires": true,
  "dependencies": {
    "angular": {
      "version": "1.7.9",
      "resolved": "https://registry.npmjs.org/angular/-/angular-1.7.9.tgz",
      "integrity": "sha512-5se7ZpcOtu0MBFlzGv5dsM1quQDoDeUTwZrWjGtTNA7O88cD8TEk5IEKCTDa3uECV9XnvKREVUr7du1ACiWGFQ=="
    },
    "angular-cookies": {
      "version": "1.7.9",
      "resolved": "https://registry.npmjs.org/angular-cookies/-/angular-cookies-1.7.9.tgz",
      "integrity": "sha512-3eRq/aPrtCZKDWQnc3nW3sFoMbLiHkCkyDF2O9u7VXnqvVsUPaipk5R1ZqahgcSQHQrN/F5IU4T4nrz52qAZmA=="
    },
    "angular-oauth2": {
      "version": "4.2.0",
      "resolved": "https://registry.npmjs.org/angular-oauth2/-/angular-oauth2-4.2.0.tgz",
      "integrity": "sha1-Cs5vLBP4AFQa4HKOF3myjxDphCY="
    },
    "decode-uri-component": {
      "version": "0.2.0",
      "resolved": "https://registry.npmjs.org/decode-uri-component/-/decode-uri-component-0.2.0.tgz",
      "integrity": "sha1-6zkTMzRYd1y4TNGh+uBiEGu4dUU="
    },
    "query-string": {
      "version": "6.12.1",
      "resolved": "https://registry.npmjs.org/query-string/-/query-string-6.12.1.tgz",
      "integrity": "sha512-OHj+zzfRMyj3rmo/6G8a5Ifvw3AleL/EbcHMD27YA31Q+cO5lfmQxECkImuNVjcskLcvBRVHNAB3w6udMs1eAA==",
      "requires": {
        "decode-uri-component": "^0.2.0",
        "split-on-first": "^1.0.0",
        "strict-uri-encode": "^2.0.0"
      }
    },
    "split-on-first": {
      "version": "1.1.0",
      "resolved": "https://registry.npmjs.org/split-on-first/-/split-on-first-1.1.0.tgz",
      "integrity": "sha512-43ZssAJaMusuKWL8sKUBQXHWOpq8d6CfN/u1p4gUzfJkM05C8rxTmYrkIPTXapZpORA6LkkzcUulJ8FqA7Uudw=="
    },
    "strict-uri-encode": {
      "version": "2.0.0",
      "resolved": "https://registry.npmjs.org/strict-uri-encode/-/strict-uri-encode-2.0.0.tgz",
      "integrity": "sha1-ucczDHBChi9rFC3CdLvMWGbONUY="
    }
  }
}
